# This file is automatically @generated by Cargo.
# It is not intended for manual editing.
version = 3

[[package]]
name = "lazy_static"
version = "1.5.0"
source = "registry+https://github.com/rust-lang/crates.io-index"
checksum = "bbd2bcb4c963f2ddae06a2efc7e9f3591312473c50c6685e1f298068316e66fe"

[[package]]
name = "rslox"
version = "0.1.0"
dependencies = [
 "lazy_static",
 "scanlex",
]

[[package]]
name = "scanlex"
version = "0.1.4"
source = "registry+https://github.com/rust-lang/crates.io-index"
checksum = "088c5d71572124929ea7549a8ce98e1a6fd33d0a38367b09027b382e67c033db"
