# This file is automatically @generated by Cargo.
# It is not intended for manual editing.
version = 3

[[package]]
name = "rslox"
version = "0.1.0"
dependencies = [
 "scanlex",
]

[[package]]
name = "scanlex"
version = "0.1.4"
source = "registry+https://github.com/rust-lang/crates.io-index"
checksum = "088c5d71572124929ea7549a8ce98e1a6fd33d0a38367b09027b382e67c033db"
